// !$*UTF8*$!
{
	archiveVersion = 1;
	classes = {
	};
	objectVersion = 50;
	objects = {

/* Begin PBXBuildFile section */
		A280BA1226DF72FD002070F2 /* AppDelegate.swift in Sources */ = {isa = PBXBuildFile; fileRef = A280BA1126DF72FD002070F2 /* AppDelegate.swift */; };
		A280BA1626DF72FD002070F2 /* ViewController.swift in Sources */ = {isa = PBXBuildFile; fileRef = A280BA1526DF72FD002070F2 /* ViewController.swift */; };
		A280BA1926DF72FD002070F2 /* Main.storyboard in Resources */ = {isa = PBXBuildFile; fileRef = A280BA1726DF72FD002070F2 /* Main.storyboard */; };
		A280BA1B26DF7300002070F2 /* Assets.xcassets in Resources */ = {isa = PBXBuildFile; fileRef = A280BA1A26DF7300002070F2 /* Assets.xcassets */; };
		A280BA1E26DF7300002070F2 /* LaunchScreen.storyboard in Resources */ = {isa = PBXBuildFile; fileRef = A280BA1C26DF7300002070F2 /* LaunchScreen.storyboard */; };
		A280BA2626DF73BD002070F2 /* YZGradientPathRenderer.swift in Sources */ = {isa = PBXBuildFile; fileRef = A280BA2526DF73BD002070F2 /* YZGradientPathRenderer.swift */; };
		A280BA2826DF74B1002070F2 /* YZPolylineAnnotation.swift in Sources */ = {isa = PBXBuildFile; fileRef = A280BA2726DF74B1002070F2 /* YZPolylineAnnotation.swift */; };
/* End PBXBuildFile section */

/* Begin PBXFileReference section */
		A280BA0E26DF72FD002070F2 /* YZMapPolylineViewDemo.app */ = {isa = PBXFileReference; explicitFileType = wrapper.application; includeInIndex = 0; path = YZMapPolylineViewDemo.app; sourceTree = BUILT_PRODUCTS_DIR; };
		A280BA1126DF72FD002070F2 /* AppDelegate.swift */ = {isa = PBXFileReference; lastKnownFileType = sourcecode.swift; path = AppDelegate.swift; sourceTree = "<group>"; };
		A280BA1526DF72FD002070F2 /* ViewController.swift */ = {isa = PBXFileReference; lastKnownFileType = sourcecode.swift; path = ViewController.swift; sourceTree = "<group>"; };
		A280BA1826DF72FD002070F2 /* Base */ = {isa = PBXFileReference; lastKnownFileType = file.storyboard; name = Base; path = Base.lproj/Main.storyboard; sourceTree = "<group>"; };
		A280BA1A26DF7300002070F2 /* Assets.xcassets */ = {isa = PBXFileReference; lastKnownFileType = folder.assetcatalog; path = Assets.xcassets; sourceTree = "<group>"; };
		A280BA1D26DF7300002070F2 /* Base */ = {isa = PBXFileReference; lastKnownFileType = file.storyboard; name = Base; path = Base.lproj/LaunchScreen.storyboard; sourceTree = "<group>"; };
		A280BA1F26DF7300002070F2 /* Info.plist */ = {isa = PBXFileReference; lastKnownFileType = text.plist.xml; path = Info.plist; sourceTree = "<group>"; };
		A280BA2526DF73BD002070F2 /* YZGradientPathRenderer.swift */ = {isa = PBXFileReference; lastKnownFileType = sourcecode.swift; path = YZGradientPathRenderer.swift; sourceTree = "<group>"; };
		A280BA2726DF74B1002070F2 /* YZPolylineAnnotation.swift */ = {isa = PBXFileReference; lastKnownFileType = sourcecode.swift; path = YZPolylineAnnotation.swift; sourceTree = "<group>"; };
/* End PBXFileReference section */

/* Begin PBXFrameworksBuildPhase section */
		A280BA0B26DF72FD002070F2 /* Frameworks */ = {
			isa = PBXFrameworksBuildPhase;
			buildActionMask = 2147483647;
			files = (
			);
			runOnlyForDeploymentPostprocessing = 0;
		};
/* End PBXFrameworksBuildPhase section */

/* Begin PBXGroup section */
		A280BA0526DF72FD002070F2 = {
			isa = PBXGroup;
			children = (
				A280BA1026DF72FD002070F2 /* YZMapPolylineViewDemo */,
				A280BA0F26DF72FD002070F2 /* Products */,
			);
			sourceTree = "<group>";
		};
		A280BA0F26DF72FD002070F2 /* Products */ = {
			isa = PBXGroup;
			children = (
				A280BA0E26DF72FD002070F2 /* YZMapPolylineViewDemo.app */,
			);
			name = Products;
			sourceTree = "<group>";
		};
		A280BA1026DF72FD002070F2 /* YZMapPolylineViewDemo */ = {
			isa = PBXGroup;
			children = (
				A280BA1126DF72FD002070F2 /* AppDelegate.swift */,
				A280BA1526DF72FD002070F2 /* ViewController.swift */,
				A280BA2526DF73BD002070F2 /* YZGradientPathRenderer.swift */,
				A280BA2726DF74B1002070F2 /* YZPolylineAnnotation.swift */,
				A280BA1726DF72FD002070F2 /* Main.storyboard */,
				A280BA1A26DF7300002070F2 /* Assets.xcassets */,
				A280BA1C26DF7300002070F2 /* LaunchScreen.storyboard */,
				A280BA1F26DF7300002070F2 /* Info.plist */,
			);
			path = YZMapPolylineViewDemo;
			sourceTree = "<group>";
		};
/* End PBXGroup section */

/* Begin PBXNativeTarget section */
		A280BA0D26DF72FD002070F2 /* YZMapPolylineViewDemo */ = {
			isa = PBXNativeTarget;
			buildConfigurationList = A280BA2226DF7300002070F2 /* Build configuration list for PBXNativeTarget "YZMapPolylineViewDemo" */;
			buildPhases = (
				A280BA0A26DF72FD002070F2 /* Sources */,
				A280BA0B26DF72FD002070F2 /* Frameworks */,
				A280BA0C26DF72FD002070F2 /* Resources */,
			);
			buildRules = (
			);
			dependencies = (
			);
			name = YZMapPolylineViewDemo;
			productName = YZMapPolylineViewDemo;
			productReference = A280BA0E26DF72FD002070F2 /* YZMapPolylineViewDemo.app */;
			productType = "com.apple.product-type.application";
		};
/* End PBXNativeTarget section */

/* Begin PBXProject section */
		A280BA0626DF72FD002070F2 /* Project object */ = {
			isa = PBXProject;
			attributes = {
				LastSwiftUpdateCheck = 1250;
				LastUpgradeCheck = 1250;
				TargetAttributes = {
					A280BA0D26DF72FD002070F2 = {
						CreatedOnToolsVersion = 12.5.1;
					};
				};
			};
			buildConfigurationList = A280BA0926DF72FD002070F2 /* Build configuration list for PBXProject "YZMapPolylineViewDemo" */;
			compatibilityVersion = "Xcode 9.3";
			developmentRegion = en;
			hasScannedForEncodings = 0;
			knownRegions = (
				en,
				Base,
			);
			mainGroup = A280BA0526DF72FD002070F2;
			productRefGroup = A280BA0F26DF72FD002070F2 /* Products */;
			projectDirPath = "";
			projectRoot = "";
			targets = (
				A280BA0D26DF72FD002070F2 /* YZMapPolylineViewDemo */,
			);
		};
/* End PBXProject section */

/* Begin PBXResourcesBuildPhase section */
		A280BA0C26DF72FD002070F2 /* Resources */ = {
			isa = PBXResourcesBuildPhase;
			buildActionMask = 2147483647;
			files = (
				A280BA1E26DF7300002070F2 /* LaunchScreen.storyboard in Resources */,
				A280BA1B26DF7300002070F2 /* Assets.xcassets in Resources */,
				A280BA1926DF72FD002070F2 /* Main.storyboard in Resources */,
			);
			runOnlyForDeploymentPostprocessing = 0;
		};
/* End PBXResourcesBuildPhase section */

/* Begin PBXSourcesBuildPhase section */
		A280BA0A26DF72FD002070F2 /* Sources */ = {
			isa = PBXSourcesBuildPhase;
			buildActionMask = 2147483647;
			files = (
				A280BA2626DF73BD002070F2 /* YZGradientPathRenderer.swift in Sources */,
				A280BA1626DF72FD002070F2 /* ViewController.swift in Sources */,
				A280BA1226DF72FD002070F2 /* AppDelegate.swift in Sources */,
				A280BA2826DF74B1002070F2 /* YZPolylineAnnotation.swift in Sources */,
			);
			runOnlyForDeploymentPostprocessing = 0;
		};
/* End PBXSourcesBuildPhase section */

/* Begin PBXVariantGroup section */
		A280BA1726DF72FD002070F2 /* Main.storyboard */ = {
			isa = PBXVariantGroup;
			children = (
				A280BA1826DF72FD002070F2 /* Base */,
			);
			name = Main.storyboard;
			sourceTree = "<group>";
		};
		A280BA1C26DF7300002070F2 /* LaunchScreen.storyboard */ = {
			isa = PBXVariantGroup;
			children = (
				A280BA1D26DF7300002070F2 /* Base */,
			);
			name = LaunchScreen.storyboard;
			sourceTree = "<group>";
		};
/* End PBXVariantGroup section */

/* Begin XCBuildConfiguration section */
		A280BA2026DF7300002070F2 /* Debug */ = {
			isa = XCBuildConfiguration;
			buildSettings = {
				ALWAYS_SEARCH_USER_PATHS = NO;
				CLANG_ANALYZER_NONNULL = YES;
				CLANG_ANALYZER_NUMBER_OBJECT_CONVERSION = YES_AGGRESSIVE;
				CLANG_CXX_LANGUAGE_STANDARD = "gnu++14";
				CLANG_CXX_LIBRARY = "libc++";
				CLANG_ENABLE_MODULES = YES;
				CLANG_ENABLE_OBJC_ARC = YES;
				CLANG_ENABLE_OBJC_WEAK = YES;
				CLANG_WARN_BLOCK_CAPTURE_AUTORELEASING = YES;
				CLANG_WARN_BOOL_CONVERSION = YES;
				CLANG_WARN_COMMA = YES;
				CLANG_WARN_CONSTANT_CONVERSION = YES;
				CLANG_WARN_DEPRECATED_OBJC_IMPLEMENTATIONS = YES;
				CLANG_WARN_DIRECT_OBJC_ISA_USAGE = YES_ERROR;
				CLANG_WARN_DOCUMENTATION_COMMENTS = YES;
				CLANG_WARN_EMPTY_BODY = YES;
				CLANG_WARN_ENUM_CONVERSION = YES;
				CLANG_WARN_INFINITE_RECURSION = YES;
				CLANG_WARN_INT_CONVERSION = YES;
				CLANG_WARN_NON_LITERAL_NULL_CONVERSION = YES;
				CLANG_WARN_OBJC_IMPLICIT_RETAIN_SELF = YES;
				CLANG_WARN_OBJC_LITERAL_CONVERSION = YES;
				CLANG_WARN_OBJC_ROOT_CLASS = YES_ERROR;
				CLANG_WARN_QUOTED_INCLUDE_IN_FRAMEWORK_HEADER = YES;
				CLANG_WARN_RANGE_LOOP_ANALYSIS = YES;
				CLANG_WARN_STRICT_PROTOTYPES = YES;
				CLANG_WARN_SUSPICIOUS_MOVE = YES;
				CLANG_WARN_UNGUARDED_AVAILABILITY = YES_AGGRESSIVE;
				CLANG_WARN_UNREACHABLE_CODE = YES;
				CLANG_WARN__DUPLICATE_METHOD_MATCH = YES;
				COPY_PHASE_STRIP = NO;
				DEBUG_INFORMATION_FORMAT = dwarf;
				ENABLE_STRICT_OBJC_MSGSEND = YES;
				ENABLE_TESTABILITY = YES;
				GCC_C_LANGUAGE_STANDARD = gnu11;
				GCC_DYNAMIC_NO_PIC = NO;
				GCC_NO_COMMON_BLOCKS = YES;
				GCC_OPTIMIZATION_LEVEL = 0;
				GCC_PREPROCESSOR_DEFINITIONS = (
					"DEBUG=1",
					"$(inherited)",
				);
				GCC_WARN_64_TO_32_BIT_CONVERSION = YES;
				GCC_WARN_ABOUT_RETURN_TYPE = YES_ERROR;
				GCC_WARN_UNDECLARED_SELECTOR = YES;
				GCC_WARN_UNINITIALIZED_AUTOS = YES_AGGRESSIVE;
				GCC_WARN_UNUSED_FUNCTION = YES;
				GCC_WARN_UNUSED_VARIABLE = YES;
				IPHONEOS_DEPLOYMENT_TARGET = 14.5;
				MTL_ENABLE_DEBUG_INFO = INCLUDE_SOURCE;
				MTL_FAST_MATH = YES;
				ONLY_ACTIVE_ARCH = YES;
				SDKROOT = iphoneos;
				SWIFT_ACTIVE_COMPILATION_CONDITIONS = DEBUG;
				SWIFT_OPTIMIZATION_LEVEL = "-Onone";
			};
			name = Debug;
		};
		A280BA2126DF7300002070F2 /* Release */ = {
			isa = XCBuildConfiguration;
			buildSettings = {
				ALWAYS_SEARCH_USER_PATHS = NO;
				CLANG_ANALYZER_NONNULL = YES;
				CLANG_ANALYZER_NUMBER_OBJECT_CONVERSION = YES_AGGRESSIVE;
				CLANG_CXX_LANGUAGE_STANDARD = "gnu++14";
				CLANG_CXX_LIBRARY = "libc++";
				CLANG_ENABLE_MODULES = YES;
				CLANG_ENABLE_OBJC_ARC = YES;
				CLANG_ENABLE_OBJC_WEAK = YES;
				CLANG_WARN_BLOCK_CAPTURE_AUTORELEASING = YES;
				CLANG_WARN_BOOL_CONVERSION = YES;
				CLANG_WARN_COMMA = YES;
				CLANG_WARN_CONSTANT_CONVERSION = YES;
				CLANG_WARN_DEPRECATED_OBJC_IMPLEMENTATIONS = YES;
				CLANG_WARN_DIRECT_OBJC_ISA_USAGE = YES_ERROR;
				CLANG_WARN_DOCUMENTATION_COMMENTS = YES;
				CLANG_WARN_EMPTY_BODY = YES;
				CLANG_WARN_ENUM_CONVERSION = YES;
				CLANG_WARN_INFINITE_RECURSION = YES;
				CLANG_WARN_INT_CONVERSION = YES;
				CLANG_WARN_NON_LITERAL_NULL_CONVERSION = YES;
				CLANG_WARN_OBJC_IMPLICIT_RETAIN_SELF = YES;
				CLANG_WARN_OBJC_LITERAL_CONVERSION = YES;
				CLANG_WARN_OBJC_ROOT_CLASS = YES_ERROR;
				CLANG_WARN_QUOTED_INCLUDE_IN_FRAMEWORK_HEADER = YES;
				CLANG_WARN_RANGE_LOOP_ANALYSIS = YES;
				CLANG_WARN_STRICT_PROTOTYPES = YES;
				CLANG_WARN_SUSPICIOUS_MOVE = YES;
				CLANG_WARN_UNGUARDED_AVAILABILITY = YES_AGGRESSIVE;
				CLANG_WARN_UNREACHABLE_CODE = YES;
				CLANG_WARN__DUPLICATE_METHOD_MATCH = YES;
				COPY_PHASE_STRIP = NO;
				DEBUG_INFORMATION_FORMAT = "dwarf-with-dsym";
				ENABLE_NS_ASSERTIONS = NO;
				ENABLE_STRICT_OBJC_MSGSEND = YES;
				GCC_C_LANGUAGE_STANDARD = gnu11;
				GCC_NO_COMMON_BLOCKS = YES;
				GCC_WARN_64_TO_32_BIT_CONVERSION = YES;
				GCC_WARN_ABOUT_RETURN_TYPE = YES_ERROR;
				GCC_WARN_UNDECLARED_SELECTOR = YES;
				GCC_WARN_UNINITIALIZED_AUTOS = YES_AGGRESSIVE;
				GCC_WARN_UNUSED_FUNCTION = YES;
				GCC_WARN_UNUSED_VARIABLE = YES;
				IPHONEOS_DEPLOYMENT_TARGET = 14.5;
				MTL_ENABLE_DEBUG_INFO = NO;
				MTL_FAST_MATH = YES;
				SDKROOT = iphoneos;
				SWIFT_COMPILATION_MODE = wholemodule;
				SWIFT_OPTIMIZATION_LEVEL = "-O";
				VALIDATE_PRODUCT = YES;
			};
			name = Release;
		};
		A280BA2326DF7300002070F2 /* Debug */ = {
			isa = XCBuildConfiguration;
			buildSettings = {
				ASSETCATALOG_COMPILER_APPICON_NAME = AppIcon;
				ASSETCATALOG_COMPILER_GLOBAL_ACCENT_COLOR_NAME = AccentColor;
				CODE_SIGN_STYLE = Automatic;
				DEVELOPMENT_TEAM = 983HKNLZ6N;
				INFOPLIST_FILE = YZMapPolylineViewDemo/Info.plist;
				IPHONEOS_DEPLOYMENT_TARGET = 11.0;
				LD_RUNPATH_SEARCH_PATHS = (
					"$(inherited)",
					"@executable_path/Frameworks",
				);
				PRODUCT_BUNDLE_IDENTIFIER = com.lesterchen.YZMapPolylineViewDemo;
				PRODUCT_NAME = "$(TARGET_NAME)";
				SWIFT_VERSION = 5.0;
				TARGETED_DEVICE_FAMILY = "1,2";
			};
			name = Debug;
		};
		A280BA2426DF7300002070F2 /* Release */ = {
			isa = XCBuildConfiguration;
			buildSettings = {
				ASSETCATALOG_COMPILER_APPICON_NAME = AppIcon;
				ASSETCATALOG_COMPILER_GLOBAL_ACCENT_COLOR_NAME = AccentColor;
				CODE_SIGN_STYLE = Automatic;
				DEVELOPMENT_TEAM = 983HKNLZ6N;
				INFOPLIST_FILE = YZMapPolylineViewDemo/Info.plist;
				IPHONEOS_DEPLOYMENT_TARGET = 11.0;
				LD_RUNPATH_SEARCH_PATHS = (
					"$(inherited)",
					"@executable_path/Frameworks",
				);
				PRODUCT_BUNDLE_IDENTIFIER = com.lesterchen.YZMapPolylineViewDemo;
				PRODUCT_NAME = "$(TARGET_NAME)";
				SWIFT_VERSION = 5.0;
				TARGETED_DEVICE_FAMILY = "1,2";
			};
			name = Release;
		};
/* End XCBuildConfiguration section */

/* Begin XCConfigurationList section */
		A280BA0926DF72FD002070F2 /* Build configuration list for PBXProject "YZMapPolylineViewDemo" */ = {
			isa = XCConfigurationList;
			buildConfigurations = (
				A280BA2026DF7300002070F2 /* Debug */,
				A280BA2126DF7300002070F2 /* Release */,
			);
			defaultConfigurationIsVisible = 0;
			defaultConfigurationName = Release;
		};
		A280BA2226DF7300002070F2 /* Build configuration list for PBXNativeTarget "YZMapPolylineViewDemo" */ = {
			isa = XCConfigurationList;
			buildConfigurations = (
				A280BA2326DF7300002070F2 /* Debug */,
				A280BA2426DF7300002070F2 /* Release */,
			);
			defaultConfigurationIsVisible = 0;
			defaultConfigurationName = Release;
		};
/* End XCConfigurationList section */
	};
	rootObject = A280BA0626DF72FD002070F2 /* Project object */;
}
